<?xml version="1.0" encoding="UTF-8"?>
<CONFIG>
  <ProjectOptions>
    <Version Value="12"/>
    <PathDelim Value="\"/>
    <General>
      <Flags>
        <MainUnitHasCreateFormStatements Value="False"/>
        <MainUnitHasTitleStatement Value="False"/>
        <MainUnitHasScaledStatement Value="False"/>
      </Flags>
      <SessionStorage Value="InProjectDir"/>
      <Title Value="MSCOCOYolo"/>
      <UseAppBundle Value="False"/>
      <ResourceType Value="res"/>
    </General>
    <BuildModes>
      <Item Name="Debug" Default="True"/>
      <Item Name="Release">
        <CompilerOptions>
          <Version Value="11"/>
          <PathDelim Value="\"/>
          <Target>
            <Filename Value="MSCOCOYolo"/>
          </Target>
          <SearchPaths>
            <Libraries Value="C:\Program Files (x86)\intel\oneAPI\mkl\latest\lib\;C:\Program Files (x86)\intel\oneAPI\tbb\latest\lib\;..\..\..\..\..\..\..\..\..\msys64\usr\lib"/>
            <OtherUnitFiles Value="..\..\..\..\NN\source;..\..\..\source\3rdparty\clblast\source;..\..\..\source\3rdparty\oneAPI\mkl\source;..\..\..\source\3rdparty\cuda\source"/>
            <UnitOutputDirectory Value="lib\$(TargetCPU)-$(TargetOS)"/>
          </SearchPaths>
          <Parsing>
            <SyntaxOptions>
              <IncludeAssertionCode Value="True"/>
            </SyntaxOptions>
          </Parsing>
          <CodeGeneration>
            <SmartLinkUnit Value="True"/>
            <Optimizations>
              <OptimizationLevel Value="4"/>
            </Optimizations>
          </CodeGeneration>
          <Linking>
            <Debugging>
              <GenerateDebugInfo Value="False"/>
              <RunWithoutDebug Value="True"/>
              <DebugInfoType Value="dsDwarf3"/>
              <UseExternalDbgSyms Value="True"/>
            </Debugging>
            <LinkSmart Value="True"/>
          </Linking>
          <Other>
            <CustomOptions Value="-CfAVX2
-OpCOREAVX2
-dUSE_AVX2
-dUSE_MULTITHREADING
-dUSE_TELEMETRY
-dBIG_MATRECIES
-dUSE_CUDART"/>
            <OtherDefines Count="12">
              <Define0 Value="USE_AVX2"/>
              <Define1 Value="USE_MULTITHREADING"/>
              <Define2 Value="USE_OPENBLAS"/>
              <Define3 Value="USE_OPENCL"/>
              <Define4 Value="CLBLASTCONV"/>
              <Define5 Value="USE_TELEMETRY"/>
              <Define6 Value="MKL_ILP64"/>
              <Define7 Value="USE_MKL"/>
              <Define8 Value="BIG_MATRECIES"/>
              <Define9 Value="CL_BLAST"/>
              <Define10 Value="USE_NVBLAS"/>
              <Define11 Value="USE_CUDART"/>
            </OtherDefines>
          </Other>
        </CompilerOptions>
      </Item>
    </BuildModes>
    <PublishOptions>
      <Version Value="2"/>
      <UseFileFilters Value="True"/>
    </PublishOptions>
    <RunParams>
      <FormatVersion Value="2"/>
    </RunParams>
    <Units>
      <Unit>
        <Filename Value="MSCOCOYolo.pas"/>
        <IsPartOfProject Value="True"/>
      </Unit>
      <Unit>
        <Filename Value="..\..\..\source\clblast.pas"/>
        <IsPartOfProject Value="True"/>
      </Unit>
    </Units>
  </ProjectOptions>
  <CompilerOptions>
    <Version Value="11"/>
    <PathDelim Value="\"/>
    <Target>
      <Filename Value="MSCOCOYolo"/>
    </Target>
    <SearchPaths>
      <IncludeFiles Value="$(ProjOutDir)"/>
      <Libraries Value="..\..\..\..\NN\source"/>
      <OtherUnitFiles Value="..\..\..\..\NN\source;..\..\..\source\3rdparty\oneAPI\mkl\source;..\..\..\source\3rdparty\clblast\source;..\..\..\source\3rdparty\openblas\source;..\..\..\source\3rdparty\cuda\source"/>
      <UnitOutputDirectory Value="lib\$(TargetCPU)-$(TargetOS)"/>
    </SearchPaths>
    <Parsing>
      <SyntaxOptions>
        <SyntaxMode Value="Delphi"/>
        <IncludeAssertionCode Value="True"/>
      </SyntaxOptions>
    </Parsing>
    <CodeGeneration>
      <Checks>
        <IOChecks Value="True"/>
        <RangeChecks Value="True"/>
        <OverflowChecks Value="True"/>
        <StackChecks Value="True"/>
      </Checks>
      <VerifyObjMethodCallValidity Value="True"/>
    </CodeGeneration>
    <Linking>
      <Debugging>
        <DebugInfoType Value="dsDwarf3"/>
        <UseHeaptrc Value="True"/>
        <TrashVariables Value="True"/>
        <UseExternalDbgSyms Value="True"/>
      </Debugging>
    </Linking>
    <Other>
      <CustomOptions Value="-CfAVX2
-OpCOREAVX2
-dUSE_AVX2
-dUSE_MULTITHREADING
-dUSE_TELEMETRY
-dBIG_MATRECIES
-dUSE_CUDART"/>
      <OtherDefines Count="12">
        <Define0 Value="USE_AVX2"/>
        <Define1 Value="USE_MULTITHREADING"/>
        <Define2 Value="USE_OPENBLAS"/>
        <Define3 Value="USE_OPENCL"/>
        <Define4 Value="CLBLASTCONV"/>
        <Define5 Value="USE_TELEMETRY"/>
        <Define6 Value="MKL_ILP64"/>
        <Define7 Value="USE_MKL"/>
        <Define8 Value="BIG_MATRECIES"/>
        <Define9 Value="CL_BLAST"/>
        <Define10 Value="USE_NVBLAS"/>
        <Define11 Value="USE_CUDART"/>
      </OtherDefines>
    </Other>
  </CompilerOptions>
  <Debugging>
    <Exceptions>
      <Item>
        <Name Value="EAbort"/>
      </Item>
      <Item>
        <Name Value="ECodetoolError"/>
      </Item>
      <Item>
        <Name Value="EFOpenError"/>
      </Item>
    </Exceptions>
  </Debugging>
</CONFIG>
